
Microsoft Visual Studio Solution File, Format Version 12.00
# Visual Studio Version 17
VisualStudioVersion = 17.0.31903.59
MinimumVisualStudioVersion = 10.0.40219.1
Project("{2150E333-8FDC-42A3-9474-1A3956D46DE8}") = "src", "src", "{827E0CD3-B72D-47B6-A68D-7590B98EB39B}"
EndProject
Project("{FAE04EC0-301F-11D3-BF4B-00C04F79EFBC}") = "Cliente.Consola", "src\Cliente.Consola\Cliente.Consola.csproj", "{E43C191E-9656-498D-9390-E0508BF82EEC}"
EndProject
Project("{FAE04EC0-301F-11D3-BF4B-00C04F79EFBC}") = "Cocina.Consola", "src\Cocina.Consola\Cocina.Consola.csproj", "{DD597FC0-A57A-4F7C-B591-BE1466AD630C}"
EndProject
Project("{FAE04EC0-301F-11D3-BF4B-00C04F79EFBC}") = "Reparto.Consola", "src\Reparto.Consola\Reparto.Consola.csproj", "{E0D23339-C1D8-4173-AED8-37785978C007}"
EndProject
Global
	GlobalSection(SolutionConfigurationPlatforms) = preSolution
		Debug|Any CPU = Debug|Any CPU
		Debug|x64 = Debug|x64
		Debug|x86 = Debug|x86
		Release|Any CPU = Release|Any CPU
		Release|x64 = Release|x64
		Release|x86 = Release|x86
	EndGlobalSection
	GlobalSection(ProjectConfigurationPlatforms) = postSolution
		{E43C191E-9656-498D-9390-E0508BF82EEC}.Debug|Any CPU.ActiveCfg = Debug|Any CPU
		{E43C191E-9656-498D-9390-E0508BF82EEC}.Debug|Any CPU.Build.0 = Debug|Any CPU
		{E43C191E-9656-498D-9390-E0508BF82EEC}.Debug|x64.ActiveCfg = Debug|Any CPU
		{E43C191E-9656-498D-9390-E0508BF82EEC}.Debug|x64.Build.0 = Debug|Any CPU
		{E43C191E-9656-498D-9390-E0508BF82EEC}.Debug|x86.ActiveCfg = Debug|Any CPU
		{E43C191E-9656-498D-9390-E0508BF82EEC}.Debug|x86.Build.0 = Debug|Any CPU
		{E43C191E-9656-498D-9390-E0508BF82EEC}.Release|Any CPU.ActiveCfg = Release|Any CPU
		{E43C191E-9656-498D-9390-E0508BF82EEC}.Release|Any CPU.Build.0 = Release|Any CPU
		{E43C191E-9656-498D-9390-E0508BF82EEC}.Release|x64.ActiveCfg = Release|Any CPU
		{E43C191E-9656-498D-9390-E0508BF82EEC}.Release|x64.Build.0 = Release|Any CPU
		{E43C191E-9656-498D-9390-E0508BF82EEC}.Release|x86.ActiveCfg = Release|Any CPU
		{E43C191E-9656-498D-9390-E0508BF82EEC}.Release|x86.Build.0 = Release|Any CPU
		{DD597FC0-A57A-4F7C-B591-BE1466AD630C}.Debug|Any CPU.ActiveCfg = Debug|Any CPU
		{DD597FC0-A57A-4F7C-B591-BE1466AD630C}.Debug|Any CPU.Build.0 = Debug|Any CPU
		{DD597FC0-A57A-4F7C-B591-BE1466AD630C}.Debug|x64.ActiveCfg = Debug|Any CPU
		{DD597FC0-A57A-4F7C-B591-BE1466AD630C}.Debug|x64.Build.0 = Debug|Any CPU
		{DD597FC0-A57A-4F7C-B591-BE1466AD630C}.Debug|x86.ActiveCfg = Debug|Any CPU
		{DD597FC0-A57A-4F7C-B591-BE1466AD630C}.Debug|x86.Build.0 = Debug|Any CPU
		{DD597FC0-A57A-4F7C-B591-BE1466AD630C}.Release|Any CPU.ActiveCfg = Release|Any CPU
		{DD597FC0-A57A-4F7C-B591-BE1466AD630C}.Release|Any CPU.Build.0 = Release|Any CPU
		{DD597FC0-A57A-4F7C-B591-BE1466AD630C}.Release|x64.ActiveCfg = Release|Any CPU
		{DD597FC0-A57A-4F7C-B591-BE1466AD630C}.Release|x64.Build.0 = Release|Any CPU
		{DD597FC0-A57A-4F7C-B591-BE1466AD630C}.Release|x86.ActiveCfg = Release|Any CPU
		{DD597FC0-A57A-4F7C-B591-BE1466AD630C}.Release|x86.Build.0 = Release|Any CPU
		{E0D23339-C1D8-4173-AED8-37785978C007}.Debug|Any CPU.ActiveCfg = Debug|Any CPU
		{E0D23339-C1D8-4173-AED8-37785978C007}.Debug|Any CPU.Build.0 = Debug|Any CPU
		{E0D23339-C1D8-4173-AED8-37785978C007}.Debug|x64.ActiveCfg = Debug|Any CPU
		{E0D23339-C1D8-4173-AED8-37785978C007}.Debug|x64.Build.0 = Debug|Any CPU
		{E0D23339-C1D8-4173-AED8-37785978C007}.Debug|x86.ActiveCfg = Debug|Any CPU
		{E0D23339-C1D8-4173-AED8-37785978C007}.Debug|x86.Build.0 = Debug|Any CPU
		{E0D23339-C1D8-4173-AED8-37785978C007}.Release|Any CPU.ActiveCfg = Release|Any CPU
		{E0D23339-C1D8-4173-AED8-37785978C007}.Release|Any CPU.Build.0 = Release|Any CPU
		{E0D23339-C1D8-4173-AED8-37785978C007}.Release|x64.ActiveCfg = Release|Any CPU
		{E0D23339-C1D8-4173-AED8-37785978C007}.Release|x64.Build.0 = Release|Any CPU
		{E0D23339-C1D8-4173-AED8-37785978C007}.Release|x86.ActiveCfg = Release|Any CPU
		{E0D23339-C1D8-4173-AED8-37785978C007}.Release|x86.Build.0 = Release|Any CPU
	EndGlobalSection
	GlobalSection(SolutionProperties) = preSolution
		HideSolutionNode = FALSE
	EndGlobalSection
	GlobalSection(NestedProjects) = preSolution
		{E43C191E-9656-498D-9390-E0508BF82EEC} = {827E0CD3-B72D-47B6-A68D-7590B98EB39B}
		{DD597FC0-A57A-4F7C-B591-BE1466AD630C} = {827E0CD3-B72D-47B6-A68D-7590B98EB39B}
		{E0D23339-C1D8-4173-AED8-37785978C007} = {827E0CD3-B72D-47B6-A68D-7590B98EB39B}
	EndGlobalSection
EndGlobal
