
Microsoft Visual Studio Solution File, Format Version 12.00
# Visual Studio Version 17
VisualStudioVersion = 17.0.31903.59
MinimumVisualStudioVersion = 10.0.40219.1
Project("{2150E333-8FDC-42A3-9474-1A3956D46DE8}") = "Src", "Src", "{827E0CD3-B72D-47B6-A68D-7590B98EB39B}"
EndProject
Project("{FAE04EC0-301F-11D3-BF4B-00C04F79EFBC}") = "Cocina.Consola", "Src\Cocina.Consola\Cocina.Consola.csproj", "{253039AB-D038-4977-B330-46427E899E05}"
EndProject
Project("{FAE04EC0-301F-11D3-BF4B-00C04F79EFBC}") = "Reparto.Consola", "Src\Reparto.Consola\Reparto.Consola.csproj", "{658D9F7B-4D1C-4187-807F-1627CC6A42D1}"
EndProject
Project("{FAE04EC0-301F-11D3-BF4B-00C04F79EFBC}") = "Cliente.Consola", "Src\Cliente.Consola\Cliente.Consola.csproj", "{45CB77B6-B607-4772-9B97-23FACFD1F297}"
EndProject
Project("{FAE04EC0-301F-11D3-BF4B-00C04F79EFBC}") = "Pizzeria.API", "Src\Pizzeria.API\Pizzeria.API.csproj", "{0D2D7816-76A2-4557-8179-B63FE8BABD1C}"
EndProject
Global
	GlobalSection(SolutionConfigurationPlatforms) = preSolution
		Debug|Any CPU = Debug|Any CPU
		Debug|x64 = Debug|x64
		Debug|x86 = Debug|x86
		Release|Any CPU = Release|Any CPU
		Release|x64 = Release|x64
		Release|x86 = Release|x86
	EndGlobalSection
	GlobalSection(ProjectConfigurationPlatforms) = postSolution
		{253039AB-D038-4977-B330-46427E899E05}.Debug|Any CPU.ActiveCfg = Debug|Any CPU
		{253039AB-D038-4977-B330-46427E899E05}.Debug|Any CPU.Build.0 = Debug|Any CPU
		{253039AB-D038-4977-B330-46427E899E05}.Debug|x64.ActiveCfg = Debug|Any CPU
		{253039AB-D038-4977-B330-46427E899E05}.Debug|x64.Build.0 = Debug|Any CPU
		{253039AB-D038-4977-B330-46427E899E05}.Debug|x86.ActiveCfg = Debug|Any CPU
		{253039AB-D038-4977-B330-46427E899E05}.Debug|x86.Build.0 = Debug|Any CPU
		{253039AB-D038-4977-B330-46427E899E05}.Release|Any CPU.ActiveCfg = Release|Any CPU
		{253039AB-D038-4977-B330-46427E899E05}.Release|Any CPU.Build.0 = Release|Any CPU
		{253039AB-D038-4977-B330-46427E899E05}.Release|x64.ActiveCfg = Release|Any CPU
		{253039AB-D038-4977-B330-46427E899E05}.Release|x64.Build.0 = Release|Any CPU
		{253039AB-D038-4977-B330-46427E899E05}.Release|x86.ActiveCfg = Release|Any CPU
		{253039AB-D038-4977-B330-46427E899E05}.Release|x86.Build.0 = Release|Any CPU
		{658D9F7B-4D1C-4187-807F-1627CC6A42D1}.Debug|Any CPU.ActiveCfg = Debug|Any CPU
		{658D9F7B-4D1C-4187-807F-1627CC6A42D1}.Debug|Any CPU.Build.0 = Debug|Any CPU
		{658D9F7B-4D1C-4187-807F-1627CC6A42D1}.Debug|x64.ActiveCfg = Debug|Any CPU
		{658D9F7B-4D1C-4187-807F-1627CC6A42D1}.Debug|x64.Build.0 = Debug|Any CPU
		{658D9F7B-4D1C-4187-807F-1627CC6A42D1}.Debug|x86.ActiveCfg = Debug|Any CPU
		{658D9F7B-4D1C-4187-807F-1627CC6A42D1}.Debug|x86.Build.0 = Debug|Any CPU
		{658D9F7B-4D1C-4187-807F-1627CC6A42D1}.Release|Any CPU.ActiveCfg = Release|Any CPU
		{658D9F7B-4D1C-4187-807F-1627CC6A42D1}.Release|Any CPU.Build.0 = Release|Any CPU
		{658D9F7B-4D1C-4187-807F-1627CC6A42D1}.Release|x64.ActiveCfg = Release|Any CPU
		{658D9F7B-4D1C-4187-807F-1627CC6A42D1}.Release|x64.Build.0 = Release|Any CPU
		{658D9F7B-4D1C-4187-807F-1627CC6A42D1}.Release|x86.ActiveCfg = Release|Any CPU
		{658D9F7B-4D1C-4187-807F-1627CC6A42D1}.Release|x86.Build.0 = Release|Any CPU
		{45CB77B6-B607-4772-9B97-23FACFD1F297}.Debug|Any CPU.ActiveCfg = Debug|Any CPU
		{45CB77B6-B607-4772-9B97-23FACFD1F297}.Debug|Any CPU.Build.0 = Debug|Any CPU
		{45CB77B6-B607-4772-9B97-23FACFD1F297}.Debug|x64.ActiveCfg = Debug|Any CPU
		{45CB77B6-B607-4772-9B97-23FACFD1F297}.Debug|x64.Build.0 = Debug|Any CPU
		{45CB77B6-B607-4772-9B97-23FACFD1F297}.Debug|x86.ActiveCfg = Debug|Any CPU
		{45CB77B6-B607-4772-9B97-23FACFD1F297}.Debug|x86.Build.0 = Debug|Any CPU
		{45CB77B6-B607-4772-9B97-23FACFD1F297}.Release|Any CPU.ActiveCfg = Release|Any CPU
		{45CB77B6-B607-4772-9B97-23FACFD1F297}.Release|Any CPU.Build.0 = Release|Any CPU
		{45CB77B6-B607-4772-9B97-23FACFD1F297}.Release|x64.ActiveCfg = Release|Any CPU
		{45CB77B6-B607-4772-9B97-23FACFD1F297}.Release|x64.Build.0 = Release|Any CPU
		{45CB77B6-B607-4772-9B97-23FACFD1F297}.Release|x86.ActiveCfg = Release|Any CPU
		{45CB77B6-B607-4772-9B97-23FACFD1F297}.Release|x86.Build.0 = Release|Any CPU
		{0D2D7816-76A2-4557-8179-B63FE8BABD1C}.Debug|Any CPU.ActiveCfg = Debug|Any CPU
		{0D2D7816-76A2-4557-8179-B63FE8BABD1C}.Debug|Any CPU.Build.0 = Debug|Any CPU
		{0D2D7816-76A2-4557-8179-B63FE8BABD1C}.Debug|x64.ActiveCfg = Debug|Any CPU
		{0D2D7816-76A2-4557-8179-B63FE8BABD1C}.Debug|x64.Build.0 = Debug|Any CPU
		{0D2D7816-76A2-4557-8179-B63FE8BABD1C}.Debug|x86.ActiveCfg = Debug|Any CPU
		{0D2D7816-76A2-4557-8179-B63FE8BABD1C}.Debug|x86.Build.0 = Debug|Any CPU
		{0D2D7816-76A2-4557-8179-B63FE8BABD1C}.Release|Any CPU.ActiveCfg = Release|Any CPU
		{0D2D7816-76A2-4557-8179-B63FE8BABD1C}.Release|Any CPU.Build.0 = Release|Any CPU
		{0D2D7816-76A2-4557-8179-B63FE8BABD1C}.Release|x64.ActiveCfg = Release|Any CPU
		{0D2D7816-76A2-4557-8179-B63FE8BABD1C}.Release|x64.Build.0 = Release|Any CPU
		{0D2D7816-76A2-4557-8179-B63FE8BABD1C}.Release|x86.ActiveCfg = Release|Any CPU
		{0D2D7816-76A2-4557-8179-B63FE8BABD1C}.Release|x86.Build.0 = Release|Any CPU
	EndGlobalSection
	GlobalSection(SolutionProperties) = preSolution
		HideSolutionNode = FALSE
	EndGlobalSection
	GlobalSection(NestedProjects) = preSolution
		{253039AB-D038-4977-B330-46427E899E05} = {827E0CD3-B72D-47B6-A68D-7590B98EB39B}
		{658D9F7B-4D1C-4187-807F-1627CC6A42D1} = {827E0CD3-B72D-47B6-A68D-7590B98EB39B}
		{45CB77B6-B607-4772-9B97-23FACFD1F297} = {827E0CD3-B72D-47B6-A68D-7590B98EB39B}
		{0D2D7816-76A2-4557-8179-B63FE8BABD1C} = {827E0CD3-B72D-47B6-A68D-7590B98EB39B}
	EndGlobalSection
EndGlobal
